Microsoft Visual Studio Solution File, Format Version 7.00
Project("{8BC9CEB8-8B4A-11D0-8D11-00A0C91BC942}") = "Ogrian", "Ogrian.vcproj", "{CE0CD76A-321A-48AC-B2D9-B66E2AEF158F}"
EndProject
Project("{8BC9CEB8-8B4A-11D0-8D11-00A0C91BC942}") = "OgreMain", "..\ogrenew\OgreMain\scripts\OgreMain.vcproj", "{35AFBABB-DF05-43DE-91A7-BB828A874015}"
EndProject
Global
	GlobalSection(SolutionConfiguration) = preSolution
		ConfigName.0 = Debug
		ConfigName.1 = Release
	EndGlobalSection
	GlobalSection(ProjectDependencies) = postSolution
	EndGlobalSection
	GlobalSection(ProjectConfiguration) = postSolution
		{CE0CD76A-321A-48AC-B2D9-B66E2AEF158F}.Debug.ActiveCfg = Debug|Win32
		{CE0CD76A-321A-48AC-B2D9-B66E2AEF158F}.Debug.Build.0 = Debug|Win32
		{CE0CD76A-321A-48AC-B2D9-B66E2AEF158F}.Release.ActiveCfg = Release|Win32
		{CE0CD76A-321A-48AC-B2D9-B66E2AEF158F}.Release.Build.0 = Release|Win32
		{35AFBABB-DF05-43DE-91A7-BB828A874015}.Debug.ActiveCfg = Debug|Win32
		{35AFBABB-DF05-43DE-91A7-BB828A874015}.Debug.Build.0 = Debug|Win32
		{35AFBABB-DF05-43DE-91A7-BB828A874015}.Release.ActiveCfg = Release|Win32
		{35AFBABB-DF05-43DE-91A7-BB828A874015}.Release.Build.0 = Release|Win32
	EndGlobalSection
	GlobalSection(ExtensibilityGlobals) = postSolution
	EndGlobalSection
	GlobalSection(ExtensibilityAddIns) = postSolution
	EndGlobalSection
EndGlobal
